
Microsoft Visual Studio Solution File, Format Version 12.00
# Visual Studio Version 17
VisualStudioVersion = 17.10.34928.147
MinimumVisualStudioVersion = 10.0.40219.1
Project("{FAE04EC0-301F-11D3-BF4B-00C04F79EFBC}") = "RefinementTypes2", "RefinementTypes2.csproj", "{81DB4825-3EF6-4307-92E4-3F874C8E918D}"
EndProject
Global
	GlobalSection(SolutionConfigurationPlatforms) = preSolution
		Debug|Any CPU = Debug|Any CPU
		Release|Any CPU = Release|Any CPU
	EndGlobalSection
	GlobalSection(ProjectConfigurationPlatforms) = postSolution
		{81DB4825-3EF6-4307-92E4-3F874C8E918D}.Debug|Any CPU.ActiveCfg = Debug|Any CPU
		{81DB4825-3EF6-4307-92E4-3F874C8E918D}.Debug|Any CPU.Build.0 = Debug|Any CPU
		{81DB4825-3EF6-4307-92E4-3F874C8E918D}.Release|Any CPU.ActiveCfg = Release|Any CPU
		{81DB4825-3EF6-4307-92E4-3F874C8E918D}.Release|Any CPU.Build.0 = Release|Any CPU
	EndGlobalSection
	GlobalSection(SolutionProperties) = preSolution
		HideSolutionNode = FALSE
	EndGlobalSection
	GlobalSection(ExtensibilityGlobals) = postSolution
		SolutionGuid = {A49EA648-1B50-48EB-99AC-C333E0A07981}
	EndGlobalSection
EndGlobal
